
Microsoft Visual Studio Solution File, Format Version 12.00
# Visual Studio Version 17
VisualStudioVersion = 17.14.36212.18 d17.14
MinimumVisualStudioVersion = 10.0.40219.1
Project("{FAE04EC0-301F-11D3-BF4B-00C04F79EFBC}") = "TimerFactory", "TimerFactory\TimerFactory.csproj", "{937289AA-1D61-4DB7-9358-F32471CFB0A5}"
EndProject
Project("{FAE04EC0-301F-11D3-BF4B-00C04F79EFBC}") = "SampleApp", "SampleApp\SampleApp.csproj", "{97839DFF-E8A2-405F-8834-08DB8F166314}"
EndProject
Global
	GlobalSection(SolutionConfigurationPlatforms) = preSolution
		Debug|Any CPU = Debug|Any CPU
		Release|Any CPU = Release|Any CPU
	EndGlobalSection
	GlobalSection(ProjectConfigurationPlatforms) = postSolution
		{937289AA-1D61-4DB7-9358-F32471CFB0A5}.Debug|Any CPU.ActiveCfg = Debug|Any CPU
		{937289AA-1D61-4DB7-9358-F32471CFB0A5}.Debug|Any CPU.Build.0 = Debug|Any CPU
		{937289AA-1D61-4DB7-9358-F32471CFB0A5}.Release|Any CPU.ActiveCfg = Release|Any CPU
		{937289AA-1D61-4DB7-9358-F32471CFB0A5}.Release|Any CPU.Build.0 = Release|Any CPU
		{97839DFF-E8A2-405F-8834-08DB8F166314}.Debug|Any CPU.ActiveCfg = Debug|Any CPU
		{97839DFF-E8A2-405F-8834-08DB8F166314}.Debug|Any CPU.Build.0 = Debug|Any CPU
		{97839DFF-E8A2-405F-8834-08DB8F166314}.Release|Any CPU.ActiveCfg = Release|Any CPU
		{97839DFF-E8A2-405F-8834-08DB8F166314}.Release|Any CPU.Build.0 = Release|Any CPU
	EndGlobalSection
	GlobalSection(SolutionProperties) = preSolution
		HideSolutionNode = FALSE
	EndGlobalSection
	GlobalSection(ExtensibilityGlobals) = postSolution
		SolutionGuid = {2FC6B705-3C56-48FF-8C19-778460A3A362}
	EndGlobalSection
EndGlobal
